
Microsoft Visual Studio Solution File, Format Version 12.00
# Visual Studio Version 17
VisualStudioVersion = 17.3.32922.545
MinimumVisualStudioVersion = 10.0.40219.1
Project("{FAE04EC0-301F-11D3-BF4B-00C04F79EFBC}") = "03 - Orkok", "03 - Orkok\03 - Orkok.csproj", "{7159B880-AE6A-4DD0-99C1-032A109619FA}"
EndProject
Global
	GlobalSection(SolutionConfigurationPlatforms) = preSolution
		Debug|Any CPU = Debug|Any CPU
		Release|Any CPU = Release|Any CPU
	EndGlobalSection
	GlobalSection(ProjectConfigurationPlatforms) = postSolution
		{7159B880-AE6A-4DD0-99C1-032A109619FA}.Debug|Any CPU.ActiveCfg = Debug|Any CPU
		{7159B880-AE6A-4DD0-99C1-032A109619FA}.Debug|Any CPU.Build.0 = Debug|Any CPU
		{7159B880-AE6A-4DD0-99C1-032A109619FA}.Release|Any CPU.ActiveCfg = Release|Any CPU
		{7159B880-AE6A-4DD0-99C1-032A109619FA}.Release|Any CPU.Build.0 = Release|Any CPU
	EndGlobalSection
	GlobalSection(SolutionProperties) = preSolution
		HideSolutionNode = FALSE
	EndGlobalSection
	GlobalSection(ExtensibilityGlobals) = postSolution
		SolutionGuid = {75B473A3-1161-4E96-849D-0CE17A1792B7}
	EndGlobalSection
EndGlobal
