
Microsoft Visual Studio Solution File, Format Version 12.00
# Visual Studio Version 17
VisualStudioVersion = 17.8.34601.278
MinimumVisualStudioVersion = 10.0.40219.1
Project("{FAE04EC0-301F-11D3-BF4B-00C04F79EFBC}") = "Konyvespolc", "Konyvespolc\Konyvespolc.csproj", "{C6BCBFAD-F811-4D27-A896-D911F0021C01}"
EndProject
Project("{FAE04EC0-301F-11D3-BF4B-00C04F79EFBC}") = "Jedik", "Jedik\Jedik.csproj", "{1DE61969-6B6C-4D4C-903A-99F739B02B53}"
EndProject
Project("{FAE04EC0-301F-11D3-BF4B-00C04F79EFBC}") = "Orszagok", "Orszagok\Orszagok.csproj", "{ABE22A75-534E-499B-8D01-6FDC00AA32A6}"
EndProject
Global
	GlobalSection(SolutionConfigurationPlatforms) = preSolution
		Debug|Any CPU = Debug|Any CPU
		Release|Any CPU = Release|Any CPU
	EndGlobalSection
	GlobalSection(ProjectConfigurationPlatforms) = postSolution
		{C6BCBFAD-F811-4D27-A896-D911F0021C01}.Debug|Any CPU.ActiveCfg = Debug|Any CPU
		{C6BCBFAD-F811-4D27-A896-D911F0021C01}.Debug|Any CPU.Build.0 = Debug|Any CPU
		{C6BCBFAD-F811-4D27-A896-D911F0021C01}.Release|Any CPU.ActiveCfg = Release|Any CPU
		{C6BCBFAD-F811-4D27-A896-D911F0021C01}.Release|Any CPU.Build.0 = Release|Any CPU
		{1DE61969-6B6C-4D4C-903A-99F739B02B53}.Debug|Any CPU.ActiveCfg = Debug|Any CPU
		{1DE61969-6B6C-4D4C-903A-99F739B02B53}.Debug|Any CPU.Build.0 = Debug|Any CPU
		{1DE61969-6B6C-4D4C-903A-99F739B02B53}.Release|Any CPU.ActiveCfg = Release|Any CPU
		{1DE61969-6B6C-4D4C-903A-99F739B02B53}.Release|Any CPU.Build.0 = Release|Any CPU
		{ABE22A75-534E-499B-8D01-6FDC00AA32A6}.Debug|Any CPU.ActiveCfg = Debug|Any CPU
		{ABE22A75-534E-499B-8D01-6FDC00AA32A6}.Debug|Any CPU.Build.0 = Debug|Any CPU
		{ABE22A75-534E-499B-8D01-6FDC00AA32A6}.Release|Any CPU.ActiveCfg = Release|Any CPU
		{ABE22A75-534E-499B-8D01-6FDC00AA32A6}.Release|Any CPU.Build.0 = Release|Any CPU
	EndGlobalSection
	GlobalSection(SolutionProperties) = preSolution
		HideSolutionNode = FALSE
	EndGlobalSection
	GlobalSection(ExtensibilityGlobals) = postSolution
		SolutionGuid = {2058D909-E3B4-4A19-AF55-43E3576A3E9C}
	EndGlobalSection
EndGlobal
